
Microsoft Visual Studio Solution File, Format Version 12.00
# Visual Studio Version 17
VisualStudioVersion = 17.9.34714.143
MinimumVisualStudioVersion = 10.0.40219.1
Project("{FAE04EC0-301F-11D3-BF4B-00C04F79EFBC}") = "webuntis", "webuntis\webuntis.csproj", "{959B629C-AA8F-4ECF-9C13-6C5A251078FD}"
EndProject
Global
	GlobalSection(SolutionConfigurationPlatforms) = preSolution
		Debug|Any CPU = Debug|Any CPU
		Release|Any CPU = Release|Any CPU
	EndGlobalSection
	GlobalSection(ProjectConfigurationPlatforms) = postSolution
		{959B629C-AA8F-4ECF-9C13-6C5A251078FD}.Debug|Any CPU.ActiveCfg = Debug|Any CPU
		{959B629C-AA8F-4ECF-9C13-6C5A251078FD}.Debug|Any CPU.Build.0 = Debug|Any CPU
		{959B629C-AA8F-4ECF-9C13-6C5A251078FD}.Release|Any CPU.ActiveCfg = Release|Any CPU
		{959B629C-AA8F-4ECF-9C13-6C5A251078FD}.Release|Any CPU.Build.0 = Release|Any CPU
	EndGlobalSection
	GlobalSection(SolutionProperties) = preSolution
		HideSolutionNode = FALSE
	EndGlobalSection
	GlobalSection(ExtensibilityGlobals) = postSolution
		SolutionGuid = {642FEE87-125B-436C-B813-A0E4C97C907A}
	EndGlobalSection
EndGlobal
